
Microsoft Visual Studio Solution File, Format Version 12.00
# Visual Studio Version 17
VisualStudioVersion = 17.12.35707.178
MinimumVisualStudioVersion = 10.0.40219.1
Project("{9A19103F-16F7-4668-BE54-9A1E7A4F7556}") = "GroupBoizMVC", "GroupBoizMVC\GroupBoizMVC.csproj", "{64A9E9D7-D405-4864-B269-BB13CBD79BBB}"
EndProject
Project("{9A19103F-16F7-4668-BE54-9A1E7A4F7556}") = "GroupBoizBLL", "GroupBoizBLL\GroupBoizBLL.csproj", "{53C5B7F5-7078-4787-932F-3309D2BA14B9}"
EndProject
Project("{9A19103F-16F7-4668-BE54-9A1E7A4F7556}") = "GroupBoizDAL", "GroupBoizDAL\GroupBoizDAL.csproj", "{81487C2B-F674-4CE5-81EE-53CDE1EAC4DC}"
EndProject
Project("{9A19103F-16F7-4668-BE54-9A1E7A4F7556}") = "GroupBoizCommon", "GroupBoizCommon\GroupBoizCommon.csproj", "{E64D9C5F-E22F-4852-A40E-CDBC41BCB3FE}"
EndProject
Global
	GlobalSection(SolutionConfigurationPlatforms) = preSolution
		Debug|Any CPU = Debug|Any CPU
		Release|Any CPU = Release|Any CPU
	EndGlobalSection
	GlobalSection(ProjectConfigurationPlatforms) = postSolution
		{64A9E9D7-D405-4864-B269-BB13CBD79BBB}.Debug|Any CPU.ActiveCfg = Debug|Any CPU
		{64A9E9D7-D405-4864-B269-BB13CBD79BBB}.Debug|Any CPU.Build.0 = Debug|Any CPU
		{64A9E9D7-D405-4864-B269-BB13CBD79BBB}.Release|Any CPU.ActiveCfg = Release|Any CPU
		{64A9E9D7-D405-4864-B269-BB13CBD79BBB}.Release|Any CPU.Build.0 = Release|Any CPU
		{53C5B7F5-7078-4787-932F-3309D2BA14B9}.Debug|Any CPU.ActiveCfg = Debug|Any CPU
		{53C5B7F5-7078-4787-932F-3309D2BA14B9}.Debug|Any CPU.Build.0 = Debug|Any CPU
		{53C5B7F5-7078-4787-932F-3309D2BA14B9}.Release|Any CPU.ActiveCfg = Release|Any CPU
		{53C5B7F5-7078-4787-932F-3309D2BA14B9}.Release|Any CPU.Build.0 = Release|Any CPU
		{81487C2B-F674-4CE5-81EE-53CDE1EAC4DC}.Debug|Any CPU.ActiveCfg = Debug|Any CPU
		{81487C2B-F674-4CE5-81EE-53CDE1EAC4DC}.Debug|Any CPU.Build.0 = Debug|Any CPU
		{81487C2B-F674-4CE5-81EE-53CDE1EAC4DC}.Release|Any CPU.ActiveCfg = Release|Any CPU
		{81487C2B-F674-4CE5-81EE-53CDE1EAC4DC}.Release|Any CPU.Build.0 = Release|Any CPU
		{E64D9C5F-E22F-4852-A40E-CDBC41BCB3FE}.Debug|Any CPU.ActiveCfg = Debug|Any CPU
		{E64D9C5F-E22F-4852-A40E-CDBC41BCB3FE}.Debug|Any CPU.Build.0 = Debug|Any CPU
		{E64D9C5F-E22F-4852-A40E-CDBC41BCB3FE}.Release|Any CPU.ActiveCfg = Release|Any CPU
		{E64D9C5F-E22F-4852-A40E-CDBC41BCB3FE}.Release|Any CPU.Build.0 = Release|Any CPU
	EndGlobalSection
	GlobalSection(SolutionProperties) = preSolution
		HideSolutionNode = FALSE
	EndGlobalSection
	GlobalSection(ExtensibilityGlobals) = postSolution
		SolutionGuid = {2C4BEE1E-37E7-410C-BAF0-04887F88970E}
	EndGlobalSection
EndGlobal
